// !$*UTF8*$!
{
	archiveVersion = 1;
	classes = {
	};
	objectVersion = 56;
	objects = {

/* Begin PBXBuildFile section */
		9F58126A2C4871A2005FE96E /* MapboxMaps in Frameworks */ = {isa = PBXBuildFile; productRef = 9F5812692C4871A2005FE96E /* MapboxMaps */; };
		9F5812722C49FD37005FE96E /* MapboxNavigationCore in Frameworks */ = {isa = PBXBuildFile; productRef = 9F5812712C49FD37005FE96E /* MapboxNavigationCore */; };
		9F5812742C49FD37005FE96E /* MapboxNavigationUIKit in Frameworks */ = {isa = PBXBuildFile; productRef = 9F5812732C49FD37005FE96E /* MapboxNavigationUIKit */; };
		9F5812762C49FD37005FE96E /* _MapboxNavigationTestKit in Frameworks */ = {isa = PBXBuildFile; productRef = 9F5812752C49FD37005FE96E /* _MapboxNavigationTestKit */; };
		9F5812782C4A0B97005FE96E /* Navigation.swift in Sources */ = {isa = PBXBuildFile; fileRef = 9F5812772C4A0B97005FE96E /* Navigation.swift */; };
		9F58127A2C4B2D26005FE96E /* NavigationMapViewController.swift in Sources */ = {isa = PBXBuildFile; fileRef = 9F5812792C4B2D26005FE96E /* NavigationMapViewController.swift */; };
		9F58127C2C4C93DB005FE96E /* NavigationMapView.swift in Sources */ = {isa = PBXBuildFile; fileRef = 9F58127B2C4C93DB005FE96E /* NavigationMapView.swift */; };
		9F633D8A2C405B65002411B8 /* RecklessApp.swift in Sources */ = {isa = PBXBuildFile; fileRef = 9F633D892C405B65002411B8 /* RecklessApp.swift */; };
		9F633D8C2C405B65002411B8 /* ContentView.swift in Sources */ = {isa = PBXBuildFile; fileRef = 9F633D8B2C405B65002411B8 /* ContentView.swift */; };
		9F633D8E2C405B66002411B8 /* Assets.xcassets in Resources */ = {isa = PBXBuildFile; fileRef = 9F633D8D2C405B66002411B8 /* Assets.xcassets */; };
		9F633D912C405B66002411B8 /* Preview Assets.xcassets in Resources */ = {isa = PBXBuildFile; fileRef = 9F633D902C405B66002411B8 /* Preview Assets.xcassets */; };
		9F7F3F2C2C41757B00187615 /* LocationManager.swift in Sources */ = {isa = PBXBuildFile; fileRef = 9F7F3F2B2C41757B00187615 /* LocationManager.swift */; };
		9F7F3F302C42287800187615 /* MapViewRepresentable.swift in Sources */ = {isa = PBXBuildFile; fileRef = 9F7F3F2F2C42287800187615 /* MapViewRepresentable.swift */; };
		9F7F3F522C44730700187615 /* scene.gltf in Resources */ = {isa = PBXBuildFile; fileRef = 9F7F3F512C44730700187615 /* scene.gltf */; };
		9F7F3F542C44737D00187615 /* scene.bin in Resources */ = {isa = PBXBuildFile; fileRef = 9F7F3F532C44737C00187615 /* scene.bin */; };
		9F9DBDD12CCC59D600F927DC /* MapViewController.swift in Sources */ = {isa = PBXBuildFile; fileRef = 9F9DBDD02CCC59D600F927DC /* MapViewController.swift */; };
		9FD1D4812C573FC300C78FF0 /* NavigationControlsView.swift in Sources */ = {isa = PBXBuildFile; fileRef = 9FD1D4802C573FC300C78FF0 /* NavigationControlsView.swift */; };
/* End PBXBuildFile section */

/* Begin PBXFileReference section */
		9F5812772C4A0B97005FE96E /* Navigation.swift */ = {isa = PBXFileReference; lastKnownFileType = sourcecode.swift; path = Navigation.swift; sourceTree = "<group>"; };
		9F5812792C4B2D26005FE96E /* NavigationMapViewController.swift */ = {isa = PBXFileReference; lastKnownFileType = sourcecode.swift; path = NavigationMapViewController.swift; sourceTree = "<group>"; };
		9F58127B2C4C93DB005FE96E /* NavigationMapView.swift */ = {isa = PBXFileReference; lastKnownFileType = sourcecode.swift; path = NavigationMapView.swift; sourceTree = "<group>"; };
		9F5812852C4F4412005FE96E /* ContinuousSearchViewController.swift */ = {isa = PBXFileReference; lastKnownFileType = sourcecode.swift; path = ContinuousSearchViewController.swift; sourceTree = "<group>"; };
		9F5812872C4F4443005FE96E /* TextViewLoggerViewController.swift */ = {isa = PBXFileReference; lastKnownFileType = sourcecode.swift; path = TextViewLoggerViewController.swift; sourceTree = "<group>"; };
		9F5812892C4F4675005FE96E /* Examples.swift */ = {isa = PBXFileReference; lastKnownFileType = sourcecode.swift; path = Examples.swift; sourceTree = "<group>"; };
		9F58128B2C506D15005FE96E /* SimpleListSearchViewController.swift */ = {isa = PBXFileReference; lastKnownFileType = sourcecode.swift; path = SimpleListSearchViewController.swift; sourceTree = "<group>"; };
		9F58128D2C507747005FE96E /* MapsViewController.swift */ = {isa = PBXFileReference; lastKnownFileType = sourcecode.swift; path = MapsViewController.swift; sourceTree = "<group>"; };
		9F58128F2C521606005FE96E /* MapboxMapsCategoryResultsViewController.swift */ = {isa = PBXFileReference; lastKnownFileType = sourcecode.swift; path = MapboxMapsCategoryResultsViewController.swift; sourceTree = "<group>"; };
		9F5812912C521639005FE96E /* MapboxBoundingBoxController.swift */ = {isa = PBXFileReference; lastKnownFileType = sourcecode.swift; path = MapboxBoundingBoxController.swift; sourceTree = "<group>"; };
		9F633D862C405B65002411B8 /* Reckless.app */ = {isa = PBXFileReference; explicitFileType = wrapper.application; includeInIndex = 0; path = Reckless.app; sourceTree = BUILT_PRODUCTS_DIR; };
		9F633D892C405B65002411B8 /* RecklessApp.swift */ = {isa = PBXFileReference; lastKnownFileType = sourcecode.swift; path = RecklessApp.swift; sourceTree = "<group>"; };
		9F633D8B2C405B65002411B8 /* ContentView.swift */ = {isa = PBXFileReference; lastKnownFileType = sourcecode.swift; path = ContentView.swift; sourceTree = "<group>"; };
		9F633D8D2C405B66002411B8 /* Assets.xcassets */ = {isa = PBXFileReference; lastKnownFileType = folder.assetcatalog; path = Assets.xcassets; sourceTree = "<group>"; };
		9F633D902C405B66002411B8 /* Preview Assets.xcassets */ = {isa = PBXFileReference; lastKnownFileType = folder.assetcatalog; path = "Preview Assets.xcassets"; sourceTree = "<group>"; };
		9F633D972C416265002411B8 /* Info.plist */ = {isa = PBXFileReference; lastKnownFileType = text.plist; path = Info.plist; sourceTree = "<group>"; };
		9F7F3F2B2C41757B00187615 /* LocationManager.swift */ = {isa = PBXFileReference; lastKnownFileType = sourcecode.swift; path = LocationManager.swift; sourceTree = "<group>"; };
		9F7F3F2D2C4224BF00187615 /* MapViewController.swift */ = {isa = PBXFileReference; lastKnownFileType = sourcecode.swift; path = MapViewController.swift; sourceTree = "<group>"; };
		9F7F3F2F2C42287800187615 /* MapViewRepresentable.swift */ = {isa = PBXFileReference; lastKnownFileType = sourcecode.swift; path = MapViewRepresentable.swift; sourceTree = "<group>"; };
		9F7F3F512C44730700187615 /* scene.gltf */ = {isa = PBXFileReference; fileEncoding = 4; lastKnownFileType = text; path = scene.gltf; sourceTree = "<group>"; };
		9F7F3F532C44737C00187615 /* scene.bin */ = {isa = PBXFileReference; lastKnownFileType = archive.macbinary; path = scene.bin; sourceTree = "<group>"; };
		9F9DBDD02CCC59D600F927DC /* MapViewController.swift */ = {isa = PBXFileReference; lastKnownFileType = sourcecode.swift; path = MapViewController.swift; sourceTree = "<group>"; };
		9FD1D4802C573FC300C78FF0 /* NavigationControlsView.swift */ = {isa = PBXFileReference; lastKnownFileType = sourcecode.swift; path = NavigationControlsView.swift; sourceTree = "<group>"; };
		9FD1D4882C5745FA00C78FF0 /* MapViewRepresentable.swift */ = {isa = PBXFileReference; lastKnownFileType = sourcecode.swift; name = MapViewRepresentable.swift; path = Location/MapViewRepresentable.swift; sourceTree = "<group>"; };
/* End PBXFileReference section */

/* Begin PBXFrameworksBuildPhase section */
		9F633D832C405B65002411B8 /* Frameworks */ = {
			isa = PBXFrameworksBuildPhase;
			buildActionMask = 2147483647;
			files = (
				9F5812742C49FD37005FE96E /* MapboxNavigationUIKit in Frameworks */,
				9F5812722C49FD37005FE96E /* MapboxNavigationCore in Frameworks */,
				9F5812762C49FD37005FE96E /* _MapboxNavigationTestKit in Frameworks */,
				9F58126A2C4871A2005FE96E /* MapboxMaps in Frameworks */,
			);
			runOnlyForDeploymentPostprocessing = 0;
		};
/* End PBXFrameworksBuildPhase section */

/* Begin PBXGroup section */
		9F4E5E682C4865DF00EBBFE9 /* Frameworks */ = {
			isa = PBXGroup;
			children = (
			);
			name = Frameworks;
			sourceTree = "<group>";
		};
		9F5812822C4F43B5005FE96E /* Navigation */ = {
			isa = PBXGroup;
			children = (
				9F5812772C4A0B97005FE96E /* Navigation.swift */,
				9FD1D4802C573FC300C78FF0 /* NavigationControlsView.swift */,
				9F58127B2C4C93DB005FE96E /* NavigationMapView.swift */,
				9F5812792C4B2D26005FE96E /* NavigationMapViewController.swift */,
			);
			path = Navigation;
			sourceTree = "<group>";
		};
		9F5812832C4F43C3005FE96E /* Search */ = {
			isa = PBXGroup;
			children = (
				9F5812852C4F4412005FE96E /* ContinuousSearchViewController.swift */,
				9F5812892C4F4675005FE96E /* Examples.swift */,
				9F5812872C4F4443005FE96E /* TextViewLoggerViewController.swift */,
				9F58128F2C521606005FE96E /* MapboxMapsCategoryResultsViewController.swift */,
				9F58128B2C506D15005FE96E /* SimpleListSearchViewController.swift */,
				9F5812912C521639005FE96E /* MapboxBoundingBoxController.swift */,
				9F58128D2C507747005FE96E /* MapsViewController.swift */,
			);
			name = Search;
			sourceTree = "<group>";
		};
		9F5812842C4F43DA005FE96E /* Location */ = {
			isa = PBXGroup;
			children = (
				9F7F3F2B2C41757B00187615 /* LocationManager.swift */,
				9F7F3F2D2C4224BF00187615 /* MapViewController.swift */,
				9F7F3F2F2C42287800187615 /* MapViewRepresentable.swift */,
			);
			path = Location;
			sourceTree = "<group>";
		};
		9F633D7D2C405B65002411B8 = {
			isa = PBXGroup;
			children = (
				9F633D882C405B65002411B8 /* Reckless */,
				9F633D872C405B65002411B8 /* Products */,
				9F4E5E682C4865DF00EBBFE9 /* Frameworks */,
			);
			sourceTree = "<group>";
		};
		9F633D872C405B65002411B8 /* Products */ = {
			isa = PBXGroup;
			children = (
				9F633D862C405B65002411B8 /* Reckless.app */,
			);
			name = Products;
			sourceTree = "<group>";
		};
		9F633D882C405B65002411B8 /* Reckless */ = {
			isa = PBXGroup;
			children = (
				9F633D972C416265002411B8 /* Info.plist */,
				9F633D892C405B65002411B8 /* RecklessApp.swift */,
				9F633D8B2C405B65002411B8 /* ContentView.swift */,
				9FD1D4882C5745FA00C78FF0 /* MapViewRepresentable.swift */,
				9F9DBDD02CCC59D600F927DC /* MapViewController.swift */,
				9F5812842C4F43DA005FE96E /* Location */,
				9F5812832C4F43C3005FE96E /* Search */,
				9F5812822C4F43B5005FE96E /* Navigation */,
				9F633D8D2C405B66002411B8 /* Assets.xcassets */,
				9F7F3F532C44737C00187615 /* scene.bin */,
				9F7F3F512C44730700187615 /* scene.gltf */,
				9F633D8F2C405B66002411B8 /* Preview Content */,
			);
			path = Reckless;
			sourceTree = "<group>";
		};
		9F633D8F2C405B66002411B8 /* Preview Content */ = {
			isa = PBXGroup;
			children = (
				9F633D902C405B66002411B8 /* Preview Assets.xcassets */,
			);
			path = "Preview Content";
			sourceTree = "<group>";
		};
/* End PBXGroup section */

/* Begin PBXNativeTarget section */
		9F633D852C405B65002411B8 /* Reckless */ = {
			isa = PBXNativeTarget;
			buildConfigurationList = 9F633D942C405B66002411B8 /* Build configuration list for PBXNativeTarget "Reckless" */;
			buildPhases = (
				9F633D822C405B65002411B8 /* Sources */,
				9F633D832C405B65002411B8 /* Frameworks */,
				9F633D842C405B65002411B8 /* Resources */,
			);
			buildRules = (
			);
			dependencies = (
			);
			name = Reckless;
			packageProductDependencies = (
				9F5812692C4871A2005FE96E /* MapboxMaps */,
				9F5812712C49FD37005FE96E /* MapboxNavigationCore */,
				9F5812732C49FD37005FE96E /* MapboxNavigationUIKit */,
				9F5812752C49FD37005FE96E /* _MapboxNavigationTestKit */,
			);
			productName = Reckless;
			productReference = 9F633D862C405B65002411B8 /* Reckless.app */;
			productType = "com.apple.product-type.application";
		};
/* End PBXNativeTarget section */

/* Begin PBXProject section */
		9F633D7E2C405B65002411B8 /* Project object */ = {
			isa = PBXProject;
			attributes = {
				BuildIndependentTargetsInParallel = 1;
				LastSwiftUpdateCheck = 1540;
				LastUpgradeCheck = 1540;
				TargetAttributes = {
					9F633D852C405B65002411B8 = {
						CreatedOnToolsVersion = 15.4;
					};
				};
			};
			buildConfigurationList = 9F633D812C405B65002411B8 /* Build configuration list for PBXProject "Reckless" */;
			compatibilityVersion = "Xcode 14.0";
			developmentRegion = en;
			hasScannedForEncodings = 0;
			knownRegions = (
				en,
				Base,
			);
			mainGroup = 9F633D7D2C405B65002411B8;
			packageReferences = (
				9F5812682C4871A2005FE96E /* XCRemoteSwiftPackageReference "mapbox-maps-ios" */,
				9F5812702C49FD37005FE96E /* XCRemoteSwiftPackageReference "mapbox-navigation-ios" */,
			);
			productRefGroup = 9F633D872C405B65002411B8 /* Products */;
			projectDirPath = "";
			projectRoot = "";
			targets = (
				9F633D852C405B65002411B8 /* Reckless */,
			);
		};
/* End PBXProject section */

/* Begin PBXResourcesBuildPhase section */
		9F633D842C405B65002411B8 /* Resources */ = {
			isa = PBXResourcesBuildPhase;
			buildActionMask = 2147483647;
			files = (
				9F7F3F542C44737D00187615 /* scene.bin in Resources */,
				9F633D912C405B66002411B8 /* Preview Assets.xcassets in Resources */,
				9F7F3F522C44730700187615 /* scene.gltf in Resources */,
				9F633D8E2C405B66002411B8 /* Assets.xcassets in Resources */,
			);
			runOnlyForDeploymentPostprocessing = 0;
		};
/* End PBXResourcesBuildPhase section */

/* Begin PBXSourcesBuildPhase section */
		9F633D822C405B65002411B8 /* Sources */ = {
			isa = PBXSourcesBuildPhase;
			buildActionMask = 2147483647;
			files = (
				9F7F3F2C2C41757B00187615 /* LocationManager.swift in Sources */,
				9F7F3F302C42287800187615 /* MapViewRepresentable.swift in Sources */,
				9F58127A2C4B2D26005FE96E /* NavigationMapViewController.swift in Sources */,
				9F633D8C2C405B65002411B8 /* ContentView.swift in Sources */,
				9F9DBDD12CCC59D600F927DC /* MapViewController.swift in Sources */,
				9F58127C2C4C93DB005FE96E /* NavigationMapView.swift in Sources */,
				9FD1D4812C573FC300C78FF0 /* NavigationControlsView.swift in Sources */,
				9F633D8A2C405B65002411B8 /* RecklessApp.swift in Sources */,
				9F5812782C4A0B97005FE96E /* Navigation.swift in Sources */,
			);
			runOnlyForDeploymentPostprocessing = 0;
		};
/* End PBXSourcesBuildPhase section */

/* Begin XCBuildConfiguration section */
		9F633D922C405B66002411B8 /* Debug */ = {
			isa = XCBuildConfiguration;
			buildSettings = {
				ALWAYS_SEARCH_USER_PATHS = NO;
				ASSETCATALOG_COMPILER_GENERATE_SWIFT_ASSET_SYMBOL_EXTENSIONS = YES;
				CLANG_ANALYZER_NONNULL = YES;
				CLANG_ANALYZER_NUMBER_OBJECT_CONVERSION = YES_AGGRESSIVE;
				CLANG_CXX_LANGUAGE_STANDARD = "gnu++20";
				CLANG_ENABLE_MODULES = YES;
				CLANG_ENABLE_OBJC_ARC = YES;
				CLANG_ENABLE_OBJC_WEAK = YES;
				CLANG_WARN_BLOCK_CAPTURE_AUTORELEASING = YES;
				CLANG_WARN_BOOL_CONVERSION = YES;
				CLANG_WARN_COMMA = YES;
				CLANG_WARN_CONSTANT_CONVERSION = YES;
				CLANG_WARN_DEPRECATED_OBJC_IMPLEMENTATIONS = YES;
				CLANG_WARN_DIRECT_OBJC_ISA_USAGE = YES_ERROR;
				CLANG_WARN_DOCUMENTATION_COMMENTS = YES;
				CLANG_WARN_EMPTY_BODY = YES;
				CLANG_WARN_ENUM_CONVERSION = YES;
				CLANG_WARN_INFINITE_RECURSION = YES;
				CLANG_WARN_INT_CONVERSION = YES;
				CLANG_WARN_NON_LITERAL_NULL_CONVERSION = YES;
				CLANG_WARN_OBJC_IMPLICIT_RETAIN_SELF = YES;
				CLANG_WARN_OBJC_LITERAL_CONVERSION = YES;
				CLANG_WARN_OBJC_ROOT_CLASS = YES_ERROR;
				CLANG_WARN_QUOTED_INCLUDE_IN_FRAMEWORK_HEADER = YES;
				CLANG_WARN_RANGE_LOOP_ANALYSIS = YES;
				CLANG_WARN_STRICT_PROTOTYPES = YES;
				CLANG_WARN_SUSPICIOUS_MOVE = YES;
				CLANG_WARN_UNGUARDED_AVAILABILITY = YES_AGGRESSIVE;
				CLANG_WARN_UNREACHABLE_CODE = YES;
				CLANG_WARN__DUPLICATE_METHOD_MATCH = YES;
				COPY_PHASE_STRIP = NO;
				DEBUG_INFORMATION_FORMAT = dwarf;
				ENABLE_STRICT_OBJC_MSGSEND = YES;
				ENABLE_TESTABILITY = YES;
				ENABLE_USER_SCRIPT_SANDBOXING = YES;
				GCC_C_LANGUAGE_STANDARD = gnu17;
				GCC_DYNAMIC_NO_PIC = NO;
				GCC_NO_COMMON_BLOCKS = YES;
				GCC_OPTIMIZATION_LEVEL = 0;
				GCC_PREPROCESSOR_DEFINITIONS = (
					"DEBUG=1",
					"$(inherited)",
				);
				GCC_WARN_64_TO_32_BIT_CONVERSION = YES;
				GCC_WARN_ABOUT_RETURN_TYPE = YES_ERROR;
				GCC_WARN_UNDECLARED_SELECTOR = YES;
				GCC_WARN_UNINITIALIZED_AUTOS = YES_AGGRESSIVE;
				GCC_WARN_UNUSED_FUNCTION = YES;
				GCC_WARN_UNUSED_VARIABLE = YES;
				IPHONEOS_DEPLOYMENT_TARGET = 17.5;
				LOCALIZATION_PREFERS_STRING_CATALOGS = YES;
				MTL_ENABLE_DEBUG_INFO = INCLUDE_SOURCE;
				MTL_FAST_MATH = YES;
				ONLY_ACTIVE_ARCH = YES;
				SDKROOT = iphoneos;
				SWIFT_ACTIVE_COMPILATION_CONDITIONS = "DEBUG $(inherited)";
				SWIFT_OPTIMIZATION_LEVEL = "-Onone";
			};
			name = Debug;
		};
		9F633D932C405B66002411B8 /* Release */ = {
			isa = XCBuildConfiguration;
			buildSettings = {
				ALWAYS_SEARCH_USER_PATHS = NO;
				ASSETCATALOG_COMPILER_GENERATE_SWIFT_ASSET_SYMBOL_EXTENSIONS = YES;
				CLANG_ANALYZER_NONNULL = YES;
				CLANG_ANALYZER_NUMBER_OBJECT_CONVERSION = YES_AGGRESSIVE;
				CLANG_CXX_LANGUAGE_STANDARD = "gnu++20";
				CLANG_ENABLE_MODULES = YES;
				CLANG_ENABLE_OBJC_ARC = YES;
				CLANG_ENABLE_OBJC_WEAK = YES;
				CLANG_WARN_BLOCK_CAPTURE_AUTORELEASING = YES;
				CLANG_WARN_BOOL_CONVERSION = YES;
				CLANG_WARN_COMMA = YES;
				CLANG_WARN_CONSTANT_CONVERSION = YES;
				CLANG_WARN_DEPRECATED_OBJC_IMPLEMENTATIONS = YES;
				CLANG_WARN_DIRECT_OBJC_ISA_USAGE = YES_ERROR;
				CLANG_WARN_DOCUMENTATION_COMMENTS = YES;
				CLANG_WARN_EMPTY_BODY = YES;
				CLANG_WARN_ENUM_CONVERSION = YES;
				CLANG_WARN_INFINITE_RECURSION = YES;
				CLANG_WARN_INT_CONVERSION = YES;
				CLANG_WARN_NON_LITERAL_NULL_CONVERSION = YES;
				CLANG_WARN_OBJC_IMPLICIT_RETAIN_SELF = YES;
				CLANG_WARN_OBJC_LITERAL_CONVERSION = YES;
				CLANG_WARN_OBJC_ROOT_CLASS = YES_ERROR;
				CLANG_WARN_QUOTED_INCLUDE_IN_FRAMEWORK_HEADER = YES;
				CLANG_WARN_RANGE_LOOP_ANALYSIS = YES;
				CLANG_WARN_STRICT_PROTOTYPES = YES;
				CLANG_WARN_SUSPICIOUS_MOVE = YES;
				CLANG_WARN_UNGUARDED_AVAILABILITY = YES_AGGRESSIVE;
				CLANG_WARN_UNREACHABLE_CODE = YES;
				CLANG_WARN__DUPLICATE_METHOD_MATCH = YES;
				COPY_PHASE_STRIP = NO;
				DEBUG_INFORMATION_FORMAT = "dwarf-with-dsym";
				ENABLE_NS_ASSERTIONS = NO;
				ENABLE_STRICT_OBJC_MSGSEND = YES;
				ENABLE_USER_SCRIPT_SANDBOXING = YES;
				GCC_C_LANGUAGE_STANDARD = gnu17;
				GCC_NO_COMMON_BLOCKS = YES;
				GCC_WARN_64_TO_32_BIT_CONVERSION = YES;
				GCC_WARN_ABOUT_RETURN_TYPE = YES_ERROR;
				GCC_WARN_UNDECLARED_SELECTOR = YES;
				GCC_WARN_UNINITIALIZED_AUTOS = YES_AGGRESSIVE;
				GCC_WARN_UNUSED_FUNCTION = YES;
				GCC_WARN_UNUSED_VARIABLE = YES;
				IPHONEOS_DEPLOYMENT_TARGET = 17.5;
				LOCALIZATION_PREFERS_STRING_CATALOGS = YES;
				MTL_ENABLE_DEBUG_INFO = NO;
				MTL_FAST_MATH = YES;
				SDKROOT = iphoneos;
				SWIFT_COMPILATION_MODE = wholemodule;
				VALIDATE_PRODUCT = YES;
			};
			name = Release;
		};
		9F633D952C405B66002411B8 /* Debug */ = {
			isa = XCBuildConfiguration;
			buildSettings = {
				ASSETCATALOG_COMPILER_APPICON_NAME = AppIcon;
				ASSETCATALOG_COMPILER_GLOBAL_ACCENT_COLOR_NAME = AccentColor;
				CODE_SIGN_STYLE = Automatic;
				CURRENT_PROJECT_VERSION = 1;
				DEVELOPMENT_ASSET_PATHS = "\"Reckless/Preview Content\"";
				DEVELOPMENT_TEAM = D9DSWYW272;
				ENABLE_PREVIEWS = YES;
				FRAMEWORK_SEARCH_PATHS = "";
				GENERATE_INFOPLIST_FILE = YES;
				INFOPLIST_FILE = Reckless/Info.plist;
				INFOPLIST_KEY_CFBundleDisplayName = "";
				INFOPLIST_KEY_LSApplicationCategoryType = "";
				INFOPLIST_KEY_NSLocationAlwaysUsageDescription = "Necesitamos tu localización.";
				INFOPLIST_KEY_NSLocationWhenInUseUsageDescription = "Your precise location is used to calculate turn-by-turn directions, show your location on the map, and help improve the map";
				INFOPLIST_KEY_UIApplicationSceneManifest_Generation = YES;
				INFOPLIST_KEY_UIApplicationSupportsIndirectInputEvents = YES;
				INFOPLIST_KEY_UILaunchScreen_Generation = YES;
				INFOPLIST_KEY_UISupportedInterfaceOrientations = "UIInterfaceOrientationLandscapeLeft UIInterfaceOrientationLandscapeRight UIInterfaceOrientationPortrait";
				INFOPLIST_KEY_UISupportedInterfaceOrientations_iPad = "UIInterfaceOrientationLandscapeLeft UIInterfaceOrientationLandscapeRight UIInterfaceOrientationPortrait UIInterfaceOrientationPortraitUpsideDown";
				LD_RUNPATH_SEARCH_PATHS = (
					"$(inherited)",
					"@executable_path/Frameworks",
				);
				MARKETING_VERSION = 1.0;
				PRODUCT_BUNDLE_IDENTIFIER = FacundoKzemin.Reckless;
				PRODUCT_NAME = "$(TARGET_NAME)";
				SUPPORTED_PLATFORMS = "iphoneos iphonesimulator";
				SUPPORTS_MACCATALYST = NO;
				SUPPORTS_MAC_DESIGNED_FOR_IPHONE_IPAD = NO;
				SUPPORTS_XR_DESIGNED_FOR_IPHONE_IPAD = NO;
				SWIFT_EMIT_LOC_STRINGS = YES;
				SWIFT_VERSION = 5.0;
				TARGETED_DEVICE_FAMILY = 1;
			};
			name = Debug;
		};
		9F633D962C405B66002411B8 /* Release */ = {
			isa = XCBuildConfiguration;
			buildSettings = {
				ASSETCATALOG_COMPILER_APPICON_NAME = AppIcon;
				ASSETCATALOG_COMPILER_GLOBAL_ACCENT_COLOR_NAME = AccentColor;
				CODE_SIGN_STYLE = Automatic;
				CURRENT_PROJECT_VERSION = 1;
				DEVELOPMENT_ASSET_PATHS = "\"Reckless/Preview Content\"";
				DEVELOPMENT_TEAM = D9DSWYW272;
				ENABLE_PREVIEWS = YES;
				FRAMEWORK_SEARCH_PATHS = "";
				GENERATE_INFOPLIST_FILE = YES;
				INFOPLIST_FILE = Reckless/Info.plist;
				INFOPLIST_KEY_CFBundleDisplayName = "";
				INFOPLIST_KEY_LSApplicationCategoryType = "";
				INFOPLIST_KEY_NSLocationAlwaysUsageDescription = "Necesitamos tu localización.";
				INFOPLIST_KEY_NSLocationWhenInUseUsageDescription = "Your precise location is used to calculate turn-by-turn directions, show your location on the map, and help improve the map";
				INFOPLIST_KEY_UIApplicationSceneManifest_Generation = YES;
				INFOPLIST_KEY_UIApplicationSupportsIndirectInputEvents = YES;
				INFOPLIST_KEY_UILaunchScreen_Generation = YES;
				INFOPLIST_KEY_UISupportedInterfaceOrientations = "UIInterfaceOrientationLandscapeLeft UIInterfaceOrientationLandscapeRight UIInterfaceOrientationPortrait";
				INFOPLIST_KEY_UISupportedInterfaceOrientations_iPad = "UIInterfaceOrientationLandscapeLeft UIInterfaceOrientationLandscapeRight UIInterfaceOrientationPortrait UIInterfaceOrientationPortraitUpsideDown";
				LD_RUNPATH_SEARCH_PATHS = (
					"$(inherited)",
					"@executable_path/Frameworks",
				);
				MARKETING_VERSION = 1.0;
				PRODUCT_BUNDLE_IDENTIFIER = FacundoKzemin.Reckless;
				PRODUCT_NAME = "$(TARGET_NAME)";
				SUPPORTED_PLATFORMS = "iphoneos iphonesimulator";
				SUPPORTS_MACCATALYST = NO;
				SUPPORTS_MAC_DESIGNED_FOR_IPHONE_IPAD = NO;
				SUPPORTS_XR_DESIGNED_FOR_IPHONE_IPAD = NO;
				SWIFT_EMIT_LOC_STRINGS = YES;
				SWIFT_VERSION = 5.0;
				TARGETED_DEVICE_FAMILY = 1;
			};
			name = Release;
		};
/* End XCBuildConfiguration section */

/* Begin XCConfigurationList section */
		9F633D812C405B65002411B8 /* Build configuration list for PBXProject "Reckless" */ = {
			isa = XCConfigurationList;
			buildConfigurations = (
				9F633D922C405B66002411B8 /* Debug */,
				9F633D932C405B66002411B8 /* Release */,
			);
			defaultConfigurationIsVisible = 0;
			defaultConfigurationName = Release;
		};
		9F633D942C405B66002411B8 /* Build configuration list for PBXNativeTarget "Reckless" */ = {
			isa = XCConfigurationList;
			buildConfigurations = (
				9F633D952C405B66002411B8 /* Debug */,
				9F633D962C405B66002411B8 /* Release */,
			);
			defaultConfigurationIsVisible = 0;
			defaultConfigurationName = Release;
		};
/* End XCConfigurationList section */

/* Begin XCRemoteSwiftPackageReference section */
		9F5812682C4871A2005FE96E /* XCRemoteSwiftPackageReference "mapbox-maps-ios" */ = {
			isa = XCRemoteSwiftPackageReference;
			repositoryURL = "https://github.com/mapbox/mapbox-maps-ios.git";
			requirement = {
				kind = exactVersion;
				version = 11.5.1;
			};
		};
		9F5812702C49FD37005FE96E /* XCRemoteSwiftPackageReference "mapbox-navigation-ios" */ = {
			isa = XCRemoteSwiftPackageReference;
			repositoryURL = "https://github.com/mapbox/mapbox-navigation-ios.git";
			requirement = {
				kind = upToNextMajorVersion;
				minimumVersion = 3.2.0;
			};
		};
/* End XCRemoteSwiftPackageReference section */

/* Begin XCSwiftPackageProductDependency section */
		9F5812692C4871A2005FE96E /* MapboxMaps */ = {
			isa = XCSwiftPackageProductDependency;
			package = 9F5812682C4871A2005FE96E /* XCRemoteSwiftPackageReference "mapbox-maps-ios" */;
			productName = MapboxMaps;
		};
		9F5812712C49FD37005FE96E /* MapboxNavigationCore */ = {
			isa = XCSwiftPackageProductDependency;
			package = 9F5812702C49FD37005FE96E /* XCRemoteSwiftPackageReference "mapbox-navigation-ios" */;
			productName = MapboxNavigationCore;
		};
		9F5812732C49FD37005FE96E /* MapboxNavigationUIKit */ = {
			isa = XCSwiftPackageProductDependency;
			package = 9F5812702C49FD37005FE96E /* XCRemoteSwiftPackageReference "mapbox-navigation-ios" */;
			productName = MapboxNavigationUIKit;
		};
		9F5812752C49FD37005FE96E /* _MapboxNavigationTestKit */ = {
			isa = XCSwiftPackageProductDependency;
			package = 9F5812702C49FD37005FE96E /* XCRemoteSwiftPackageReference "mapbox-navigation-ios" */;
			productName = _MapboxNavigationTestKit;
		};
/* End XCSwiftPackageProductDependency section */
	};
	rootObject = 9F633D7E2C405B65002411B8 /* Project object */;
}
